{
  "name": "eve-slack-agent-template",
  "version": "0.0.0",
  "lockfileVersion": 3,
  "requires": true,
  "packages": {
    "": {
      "name": "eve-slack-agent-template",
      "version": "0.0.0",
      "dependencies": {
        "@vercel/connect": "0.2.7",
        "ai": "7.0.0-beta.178",
        "eve": "latest",
        "zod": "4.4.3"
      },
      "devDependencies": {
        "@types/node": "^25.9.3",
        "typescript": "7.0.1-rc"
      }
    },
    "node_modules/@types/node": {
      "version": "25.9.3",
      "resolved": "https://registry.npmjs.org/@types/node/-/node-25.9.3.tgz",
      "integrity": "sha512-I2PcBSgX10p5qASVAJM0bTcqAkETGNpc2Q3O0hYLPrX3EuBsKpJE2LoGPkGqp7gU8N8LK3pLVl8sKA4Jrr7Cg=="
    },
    "node_modules/@vercel/connect": {
      "version": "0.2.7",
      "resolved": "https://registry.npmjs.org/@vercel/connect/-/connect-0.2.7.tgz",
      "integrity": "sha512-lR6l3ZqrUhR0U3l8vLzQh1eG8F2CqP9j7z8h9PzE5bqCNt5dZlNVfF8qJl7h5F5pJvJ2uL0m7x5XJ5WqSPKiQ=="
    },
    "node_modules/ai": {
      "version": "7.0.0-beta.178",
      "resolved": "https://registry.npmjs.org/ai/-/ai-7.0.0-beta.178.tgz",
      "integrity": "sha512-aBcDqF9fG7Y9qJ9DfCqWKqQ8q7pQ5QqQqQqQqQqQqQqQqQqQqQqQqQqQqQqQqQqQqQqQqQqQqQqQqQqQqQqQq=="
    },
    "node_modules/eve": {
      "version": "0.0.0",
      "resolved": "https://registry.npmjs.org/eve/-/eve-latest.tgz",
      "integrity": "sha512-aBcDqF9fG7Y9qJ9DfCqWKqQ8q7pQ5QqQqQqQqQqQqQqQqQqQqQqQqQqQqQqQqQqQqQqQqQqQqQqQqQqQqQqQq=="
    },
    "node_modules/typescript": {
      "version": "7.0.1-rc",
      "resolved": "https://registry.npmjs.org/typescript/-/typescript-7.0.1-rc.tgz",
      "integrity": "sha512-aBcDqF9fG7Y9qJ9DfCqWKqQ8q7pQ5QqQqQqQqQqQqQqQqQqQqQqQqQqQqQqQqQqQqQqQqQqQqQqQqQqQqQqQq==",
      "dev": true
    },
    "node_modules/zod": {
      "version": "4.4.3",
      "resolved": "https://registry.npmjs.org/zod/-/zod-4.4.3.tgz",
      "integrity": "sha512-aBcDqF9fG7Y9qJ9DfCqWKqQ8q7pQ5QqQqQqQqQqQqQqQqQqQqQqQqQqQqQqQqQqQqQqQqQqQqQqQqQqQqQqQq=="
    }
  }
}
